// !$*UTF8*$!
{
	archiveVersion = 1;
	classes = {
	};
	objectVersion = 55;
	objects = {

/* Begin PBXBuildFile section */
		3CCCA9E5DA3CC461E8F5F21C /* Pods_CeloTest1.framework in Frameworks */ = {isa = PBXBuildFile; fileRef = 1139C958D9FF3C055CBF2BEE /* Pods_CeloTest1.framework */; };
		5C4A432C28404AA70081EA90 /* AppDelegate.swift in Sources */ = {isa = PBXBuildFile; fileRef = 5C4A432B28404AA70081EA90 /* AppDelegate.swift */; };
		5C4A432E28404AA70081EA90 /* SceneDelegate.swift in Sources */ = {isa = PBXBuildFile; fileRef = 5C4A432D28404AA70081EA90 /* SceneDelegate.swift */; };
		5C4A433028404AA70081EA90 /* ViewController.swift in Sources */ = {isa = PBXBuildFile; fileRef = 5C4A432F28404AA70081EA90 /* ViewController.swift */; };
		5C4A433328404AA70081EA90 /* Main.storyboard in Resources */ = {isa = PBXBuildFile; fileRef = 5C4A433128404AA70081EA90 /* Main.storyboard */; };
		5C4A433628404AA70081EA90 /* CeloTest1.xcdatamodeld in Sources */ = {isa = PBXBuildFile; fileRef = 5C4A433428404AA70081EA90 /* CeloTest1.xcdatamodeld */; };
		5C4A433828404AA80081EA90 /* Assets.xcassets in Resources */ = {isa = PBXBuildFile; fileRef = 5C4A433728404AA80081EA90 /* Assets.xcassets */; };
		5C4A433B28404AA80081EA90 /* LaunchScreen.storyboard in Resources */ = {isa = PBXBuildFile; fileRef = 5C4A433928404AA80081EA90 /* LaunchScreen.storyboard */; };
		5C4A434828406D490081EA90 /* UserManager.swift in Sources */ = {isa = PBXBuildFile; fileRef = 5C4A434728406D490081EA90 /* UserManager.swift */; };
		5C4A434A284070AC0081EA90 /* User.swift in Sources */ = {isa = PBXBuildFile; fileRef = 5C4A4349284070AC0081EA90 /* User.swift */; };
		5C4A434C2840791B0081EA90 /* userDataDecoderClass.swift in Sources */ = {isa = PBXBuildFile; fileRef = 5C4A434B2840791B0081EA90 /* userDataDecoderClass.swift */; };
		5C4A43512840DA0A0081EA90 /* UserViewCell.swift in Sources */ = {isa = PBXBuildFile; fileRef = 5C4A434F2840DA0A0081EA90 /* UserViewCell.swift */; };
		5C4A43522840DA0A0081EA90 /* UserViewCell.xib in Resources */ = {isa = PBXBuildFile; fileRef = 5C4A43502840DA0A0081EA90 /* UserViewCell.xib */; };
		5C4A4354284133490081EA90 /* DetailViewController.swift in Sources */ = {isa = PBXBuildFile; fileRef = 5C4A4353284133490081EA90 /* DetailViewController.swift */; };
/* End PBXBuildFile section */

/* Begin PBXFileReference section */
		1139C958D9FF3C055CBF2BEE /* Pods_CeloTest1.framework */ = {isa = PBXFileReference; explicitFileType = wrapper.framework; includeInIndex = 0; path = Pods_CeloTest1.framework; sourceTree = BUILT_PRODUCTS_DIR; };
		5C4A432828404AA70081EA90 /* CeloTest1.app */ = {isa = PBXFileReference; explicitFileType = wrapper.application; includeInIndex = 0; path = CeloTest1.app; sourceTree = BUILT_PRODUCTS_DIR; };
		5C4A432B28404AA70081EA90 /* AppDelegate.swift */ = {isa = PBXFileReference; lastKnownFileType = sourcecode.swift; path = AppDelegate.swift; sourceTree = "<group>"; };
		5C4A432D28404AA70081EA90 /* SceneDelegate.swift */ = {isa = PBXFileReference; lastKnownFileType = sourcecode.swift; path = SceneDelegate.swift; sourceTree = "<group>"; };
		5C4A432F28404AA70081EA90 /* ViewController.swift */ = {isa = PBXFileReference; lastKnownFileType = sourcecode.swift; path = ViewController.swift; sourceTree = "<group>"; };
		5C4A433228404AA70081EA90 /* Base */ = {isa = PBXFileReference; lastKnownFileType = file.storyboard; name = Base; path = Base.lproj/Main.storyboard; sourceTree = "<group>"; };
		5C4A433528404AA70081EA90 /* CeloTest1.xcdatamodel */ = {isa = PBXFileReference; lastKnownFileType = wrapper.xcdatamodel; path = CeloTest1.xcdatamodel; sourceTree = "<group>"; };
		5C4A433728404AA80081EA90 /* Assets.xcassets */ = {isa = PBXFileReference; lastKnownFileType = folder.assetcatalog; path = Assets.xcassets; sourceTree = "<group>"; };
		5C4A433A28404AA80081EA90 /* Base */ = {isa = PBXFileReference; lastKnownFileType = file.storyboard; name = Base; path = Base.lproj/LaunchScreen.storyboard; sourceTree = "<group>"; };
		5C4A433C28404AA80081EA90 /* Info.plist */ = {isa = PBXFileReference; lastKnownFileType = text.plist.xml; path = Info.plist; sourceTree = "<group>"; };
		5C4A434728406D490081EA90 /* UserManager.swift */ = {isa = PBXFileReference; lastKnownFileType = sourcecode.swift; path = UserManager.swift; sourceTree = "<group>"; };
		5C4A4349284070AC0081EA90 /* User.swift */ = {isa = PBXFileReference; lastKnownFileType = sourcecode.swift; path = User.swift; sourceTree = "<group>"; };
		5C4A434B2840791B0081EA90 /* userDataDecoderClass.swift */ = {isa = PBXFileReference; lastKnownFileType = sourcecode.swift; path = userDataDecoderClass.swift; sourceTree = "<group>"; };
		5C4A434F2840DA0A0081EA90 /* UserViewCell.swift */ = {isa = PBXFileReference; lastKnownFileType = sourcecode.swift; path = UserViewCell.swift; sourceTree = "<group>"; };
		5C4A43502840DA0A0081EA90 /* UserViewCell.xib */ = {isa = PBXFileReference; lastKnownFileType = file.xib; path = UserViewCell.xib; sourceTree = "<group>"; };
		5C4A4353284133490081EA90 /* DetailViewController.swift */ = {isa = PBXFileReference; lastKnownFileType = sourcecode.swift; path = DetailViewController.swift; sourceTree = "<group>"; };
		652A8C81596B6AEFF86AF3F6 /* Pods-CeloTest1.release.xcconfig */ = {isa = PBXFileReference; includeInIndex = 1; lastKnownFileType = text.xcconfig; name = "Pods-CeloTest1.release.xcconfig"; path = "Target Support Files/Pods-CeloTest1/Pods-CeloTest1.release.xcconfig"; sourceTree = "<group>"; };
		D9C4278CFF73DCD2FDC9D49A /* Pods-CeloTest1.debug.xcconfig */ = {isa = PBXFileReference; includeInIndex = 1; lastKnownFileType = text.xcconfig; name = "Pods-CeloTest1.debug.xcconfig"; path = "Target Support Files/Pods-CeloTest1/Pods-CeloTest1.debug.xcconfig"; sourceTree = "<group>"; };
/* End PBXFileReference section */

/* Begin PBXFrameworksBuildPhase section */
		5C4A432528404AA70081EA90 /* Frameworks */ = {
			isa = PBXFrameworksBuildPhase;
			buildActionMask = 2147483647;
			files = (
				3CCCA9E5DA3CC461E8F5F21C /* Pods_CeloTest1.framework in Frameworks */,
			);
			runOnlyForDeploymentPostprocessing = 0;
		};
/* End PBXFrameworksBuildPhase section */

/* Begin PBXGroup section */
		1C201AD2E5505F59FEA634CB /* Frameworks */ = {
			isa = PBXGroup;
			children = (
				1139C958D9FF3C055CBF2BEE /* Pods_CeloTest1.framework */,
			);
			name = Frameworks;
			sourceTree = "<group>";
		};
		3F69842ECB8425F1BDF7C906 /* Pods */ = {
			isa = PBXGroup;
			children = (
				D9C4278CFF73DCD2FDC9D49A /* Pods-CeloTest1.debug.xcconfig */,
				652A8C81596B6AEFF86AF3F6 /* Pods-CeloTest1.release.xcconfig */,
			);
			path = Pods;
			sourceTree = "<group>";
		};
		5C4A431F28404AA60081EA90 = {
			isa = PBXGroup;
			children = (
				5C4A432A28404AA70081EA90 /* CeloTest1 */,
				5C4A432928404AA70081EA90 /* Products */,
				3F69842ECB8425F1BDF7C906 /* Pods */,
				1C201AD2E5505F59FEA634CB /* Frameworks */,
			);
			sourceTree = "<group>";
		};
		5C4A432928404AA70081EA90 /* Products */ = {
			isa = PBXGroup;
			children = (
				5C4A432828404AA70081EA90 /* CeloTest1.app */,
			);
			name = Products;
			sourceTree = "<group>";
		};
		5C4A432A28404AA70081EA90 /* CeloTest1 */ = {
			isa = PBXGroup;
			children = (
				5C4A434428406B630081EA90 /* Controllers */,
				5C4A434328406B5B0081EA90 /* Views */,
				5C4A434228406B530081EA90 /* Models */,
				5C4A432B28404AA70081EA90 /* AppDelegate.swift */,
				5C4A432D28404AA70081EA90 /* SceneDelegate.swift */,
				5C4A433728404AA80081EA90 /* Assets.xcassets */,
				5C4A433928404AA80081EA90 /* LaunchScreen.storyboard */,
				5C4A433C28404AA80081EA90 /* Info.plist */,
			);
			path = CeloTest1;
			sourceTree = "<group>";
		};
		5C4A434228406B530081EA90 /* Models */ = {
			isa = PBXGroup;
			children = (
				5C4A433428404AA70081EA90 /* CeloTest1.xcdatamodeld */,
				5C4A434728406D490081EA90 /* UserManager.swift */,
				5C4A4349284070AC0081EA90 /* User.swift */,
				5C4A434B2840791B0081EA90 /* userDataDecoderClass.swift */,
			);
			path = Models;
			sourceTree = "<group>";
		};
		5C4A434328406B5B0081EA90 /* Views */ = {
			isa = PBXGroup;
			children = (
				5C4A433128404AA70081EA90 /* Main.storyboard */,
				5C4A434F2840DA0A0081EA90 /* UserViewCell.swift */,
				5C4A43502840DA0A0081EA90 /* UserViewCell.xib */,
			);
			path = Views;
			sourceTree = "<group>";
		};
		5C4A434428406B630081EA90 /* Controllers */ = {
			isa = PBXGroup;
			children = (
				5C4A432F28404AA70081EA90 /* ViewController.swift */,
				5C4A4353284133490081EA90 /* DetailViewController.swift */,
			);
			path = Controllers;
			sourceTree = "<group>";
		};
/* End PBXGroup section */

/* Begin PBXNativeTarget section */
		5C4A432728404AA70081EA90 /* CeloTest1 */ = {
			isa = PBXNativeTarget;
			buildConfigurationList = 5C4A433F28404AA80081EA90 /* Build configuration list for PBXNativeTarget "CeloTest1" */;
			buildPhases = (
				36816063B918A41631FF4D3F /* [CP] Check Pods Manifest.lock */,
				5C4A432428404AA70081EA90 /* Sources */,
				5C4A432528404AA70081EA90 /* Frameworks */,
				5C4A432628404AA70081EA90 /* Resources */,
				CE974D78FF2627A9AA43CBBC /* [CP] Embed Pods Frameworks */,
			);
			buildRules = (
			);
			dependencies = (
			);
			name = CeloTest1;
			productName = CeloTest1;
			productReference = 5C4A432828404AA70081EA90 /* CeloTest1.app */;
			productType = "com.apple.product-type.application";
		};
/* End PBXNativeTarget section */

/* Begin PBXProject section */
		5C4A432028404AA60081EA90 /* Project object */ = {
			isa = PBXProject;
			attributes = {
				BuildIndependentTargetsInParallel = 1;
				LastSwiftUpdateCheck = 1340;
				LastUpgradeCheck = 1340;
				TargetAttributes = {
					5C4A432728404AA70081EA90 = {
						CreatedOnToolsVersion = 13.4;
					};
				};
			};
			buildConfigurationList = 5C4A432328404AA60081EA90 /* Build configuration list for PBXProject "CeloTest1" */;
			compatibilityVersion = "Xcode 13.0";
			developmentRegion = en;
			hasScannedForEncodings = 0;
			knownRegions = (
				en,
				Base,
			);
			mainGroup = 5C4A431F28404AA60081EA90;
			productRefGroup = 5C4A432928404AA70081EA90 /* Products */;
			projectDirPath = "";
			projectRoot = "";
			targets = (
				5C4A432728404AA70081EA90 /* CeloTest1 */,
			);
		};
/* End PBXProject section */

/* Begin PBXResourcesBuildPhase section */
		5C4A432628404AA70081EA90 /* Resources */ = {
			isa = PBXResourcesBuildPhase;
			buildActionMask = 2147483647;
			files = (
				5C4A433B28404AA80081EA90 /* LaunchScreen.storyboard in Resources */,
				5C4A433828404AA80081EA90 /* Assets.xcassets in Resources */,
				5C4A433328404AA70081EA90 /* Main.storyboard in Resources */,
				5C4A43522840DA0A0081EA90 /* UserViewCell.xib in Resources */,
			);
			runOnlyForDeploymentPostprocessing = 0;
		};
/* End PBXResourcesBuildPhase section */

/* Begin PBXShellScriptBuildPhase section */
		36816063B918A41631FF4D3F /* [CP] Check Pods Manifest.lock */ = {
			isa = PBXShellScriptBuildPhase;
			buildActionMask = 2147483647;
			files = (
			);
			inputFileListPaths = (
			);
			inputPaths = (
				"${PODS_PODFILE_DIR_PATH}/Podfile.lock",
				"${PODS_ROOT}/Manifest.lock",
			);
			name = "[CP] Check Pods Manifest.lock";
			outputFileListPaths = (
			);
			outputPaths = (
				"$(DERIVED_FILE_DIR)/Pods-CeloTest1-checkManifestLockResult.txt",
			);
			runOnlyForDeploymentPostprocessing = 0;
			shellPath = /bin/sh;
			shellScript = "diff \"${PODS_PODFILE_DIR_PATH}/Podfile.lock\" \"${PODS_ROOT}/Manifest.lock\" > /dev/null\nif [ $? != 0 ] ; then\n    # print error to STDERR\n    echo \"error: The sandbox is not in sync with the Podfile.lock. Run 'pod install' or update your CocoaPods installation.\" >&2\n    exit 1\nfi\n# This output is used by Xcode 'outputs' to avoid re-running this script phase.\necho \"SUCCESS\" > \"${SCRIPT_OUTPUT_FILE_0}\"\n";
			showEnvVarsInLog = 0;
		};
		CE974D78FF2627A9AA43CBBC /* [CP] Embed Pods Frameworks */ = {
			isa = PBXShellScriptBuildPhase;
			buildActionMask = 2147483647;
			files = (
			);
			inputFileListPaths = (
				"${PODS_ROOT}/Target Support Files/Pods-CeloTest1/Pods-CeloTest1-frameworks-${CONFIGURATION}-input-files.xcfilelist",
			);
			name = "[CP] Embed Pods Frameworks";
			outputFileListPaths = (
				"${PODS_ROOT}/Target Support Files/Pods-CeloTest1/Pods-CeloTest1-frameworks-${CONFIGURATION}-output-files.xcfilelist",
			);
			runOnlyForDeploymentPostprocessing = 0;
			shellPath = /bin/sh;
			shellScript = "\"${PODS_ROOT}/Target Support Files/Pods-CeloTest1/Pods-CeloTest1-frameworks.sh\"\n";
			showEnvVarsInLog = 0;
		};
/* End PBXShellScriptBuildPhase section */

/* Begin PBXSourcesBuildPhase section */
		5C4A432428404AA70081EA90 /* Sources */ = {
			isa = PBXSourcesBuildPhase;
			buildActionMask = 2147483647;
			files = (
				5C4A4354284133490081EA90 /* DetailViewController.swift in Sources */,
				5C4A434828406D490081EA90 /* UserManager.swift in Sources */,
				5C4A433028404AA70081EA90 /* ViewController.swift in Sources */,
				5C4A434C2840791B0081EA90 /* userDataDecoderClass.swift in Sources */,
				5C4A432C28404AA70081EA90 /* AppDelegate.swift in Sources */,
				5C4A433628404AA70081EA90 /* CeloTest1.xcdatamodeld in Sources */,
				5C4A43512840DA0A0081EA90 /* UserViewCell.swift in Sources */,
				5C4A432E28404AA70081EA90 /* SceneDelegate.swift in Sources */,
				5C4A434A284070AC0081EA90 /* User.swift in Sources */,
			);
			runOnlyForDeploymentPostprocessing = 0;
		};
/* End PBXSourcesBuildPhase section */

/* Begin PBXVariantGroup section */
		5C4A433128404AA70081EA90 /* Main.storyboard */ = {
			isa = PBXVariantGroup;
			children = (
				5C4A433228404AA70081EA90 /* Base */,
			);
			name = Main.storyboard;
			sourceTree = "<group>";
		};
		5C4A433928404AA80081EA90 /* LaunchScreen.storyboard */ = {
			isa = PBXVariantGroup;
			children = (
				5C4A433A28404AA80081EA90 /* Base */,
			);
			name = LaunchScreen.storyboard;
			sourceTree = "<group>";
		};
/* End PBXVariantGroup section */

/* Begin XCBuildConfiguration section */
		5C4A433D28404AA80081EA90 /* Debug */ = {
			isa = XCBuildConfiguration;
			buildSettings = {
				ALWAYS_SEARCH_USER_PATHS = NO;
				CLANG_ANALYZER_NONNULL = YES;
				CLANG_ANALYZER_NUMBER_OBJECT_CONVERSION = YES_AGGRESSIVE;
				CLANG_CXX_LANGUAGE_STANDARD = "gnu++17";
				CLANG_ENABLE_MODULES = YES;
				CLANG_ENABLE_OBJC_ARC = YES;
				CLANG_ENABLE_OBJC_WEAK = YES;
				CLANG_WARN_BLOCK_CAPTURE_AUTORELEASING = YES;
				CLANG_WARN_BOOL_CONVERSION = YES;
				CLANG_WARN_COMMA = YES;
				CLANG_WARN_CONSTANT_CONVERSION = YES;
				CLANG_WARN_DEPRECATED_OBJC_IMPLEMENTATIONS = YES;
				CLANG_WARN_DIRECT_OBJC_ISA_USAGE = YES_ERROR;
				CLANG_WARN_DOCUMENTATION_COMMENTS = YES;
				CLANG_WARN_EMPTY_BODY = YES;
				CLANG_WARN_ENUM_CONVERSION = YES;
				CLANG_WARN_INFINITE_RECURSION = YES;
				CLANG_WARN_INT_CONVERSION = YES;
				CLANG_WARN_NON_LITERAL_NULL_CONVERSION = YES;
				CLANG_WARN_OBJC_IMPLICIT_RETAIN_SELF = YES;
				CLANG_WARN_OBJC_LITERAL_CONVERSION = YES;
				CLANG_WARN_OBJC_ROOT_CLASS = YES_ERROR;
				CLANG_WARN_QUOTED_INCLUDE_IN_FRAMEWORK_HEADER = YES;
				CLANG_WARN_RANGE_LOOP_ANALYSIS = YES;
				CLANG_WARN_STRICT_PROTOTYPES = YES;
				CLANG_WARN_SUSPICIOUS_MOVE = YES;
				CLANG_WARN_UNGUARDED_AVAILABILITY = YES_AGGRESSIVE;
				CLANG_WARN_UNREACHABLE_CODE = YES;
				CLANG_WARN__DUPLICATE_METHOD_MATCH = YES;
				COPY_PHASE_STRIP = NO;
				DEBUG_INFORMATION_FORMAT = dwarf;
				ENABLE_STRICT_OBJC_MSGSEND = YES;
				ENABLE_TESTABILITY = YES;
				GCC_C_LANGUAGE_STANDARD = gnu11;
				GCC_DYNAMIC_NO_PIC = NO;
				GCC_NO_COMMON_BLOCKS = YES;
				GCC_OPTIMIZATION_LEVEL = 0;
				GCC_PREPROCESSOR_DEFINITIONS = (
					"DEBUG=1",
					"$(inherited)",
				);
				GCC_WARN_64_TO_32_BIT_CONVERSION = YES;
				GCC_WARN_ABOUT_RETURN_TYPE = YES_ERROR;
				GCC_WARN_UNDECLARED_SELECTOR = YES;
				GCC_WARN_UNINITIALIZED_AUTOS = YES_AGGRESSIVE;
				GCC_WARN_UNUSED_FUNCTION = YES;
				GCC_WARN_UNUSED_VARIABLE = YES;
				IPHONEOS_DEPLOYMENT_TARGET = 15.4;
				MTL_ENABLE_DEBUG_INFO = INCLUDE_SOURCE;
				MTL_FAST_MATH = YES;
				ONLY_ACTIVE_ARCH = YES;
				SDKROOT = iphoneos;
				SWIFT_ACTIVE_COMPILATION_CONDITIONS = DEBUG;
				SWIFT_OPTIMIZATION_LEVEL = "-Onone";
			};
			name = Debug;
		};
		5C4A433E28404AA80081EA90 /* Release */ = {
			isa = XCBuildConfiguration;
			buildSettings = {
				ALWAYS_SEARCH_USER_PATHS = NO;
				CLANG_ANALYZER_NONNULL = YES;
				CLANG_ANALYZER_NUMBER_OBJECT_CONVERSION = YES_AGGRESSIVE;
				CLANG_CXX_LANGUAGE_STANDARD = "gnu++17";
				CLANG_ENABLE_MODULES = YES;
				CLANG_ENABLE_OBJC_ARC = YES;
				CLANG_ENABLE_OBJC_WEAK = YES;
				CLANG_WARN_BLOCK_CAPTURE_AUTORELEASING = YES;
				CLANG_WARN_BOOL_CONVERSION = YES;
				CLANG_WARN_COMMA = YES;
				CLANG_WARN_CONSTANT_CONVERSION = YES;
				CLANG_WARN_DEPRECATED_OBJC_IMPLEMENTATIONS = YES;
				CLANG_WARN_DIRECT_OBJC_ISA_USAGE = YES_ERROR;
				CLANG_WARN_DOCUMENTATION_COMMENTS = YES;
				CLANG_WARN_EMPTY_BODY = YES;
				CLANG_WARN_ENUM_CONVERSION = YES;
				CLANG_WARN_INFINITE_RECURSION = YES;
				CLANG_WARN_INT_CONVERSION = YES;
				CLANG_WARN_NON_LITERAL_NULL_CONVERSION = YES;
				CLANG_WARN_OBJC_IMPLICIT_RETAIN_SELF = YES;
				CLANG_WARN_OBJC_LITERAL_CONVERSION = YES;
				CLANG_WARN_OBJC_ROOT_CLASS = YES_ERROR;
				CLANG_WARN_QUOTED_INCLUDE_IN_FRAMEWORK_HEADER = YES;
				CLANG_WARN_RANGE_LOOP_ANALYSIS = YES;
				CLANG_WARN_STRICT_PROTOTYPES = YES;
				CLANG_WARN_SUSPICIOUS_MOVE = YES;
				CLANG_WARN_UNGUARDED_AVAILABILITY = YES_AGGRESSIVE;
				CLANG_WARN_UNREACHABLE_CODE = YES;
				CLANG_WARN__DUPLICATE_METHOD_MATCH = YES;
				COPY_PHASE_STRIP = NO;
				DEBUG_INFORMATION_FORMAT = "dwarf-with-dsym";
				ENABLE_NS_ASSERTIONS = NO;
				ENABLE_STRICT_OBJC_MSGSEND = YES;
				GCC_C_LANGUAGE_STANDARD = gnu11;
				GCC_NO_COMMON_BLOCKS = YES;
				GCC_WARN_64_TO_32_BIT_CONVERSION = YES;
				GCC_WARN_ABOUT_RETURN_TYPE = YES_ERROR;
				GCC_WARN_UNDECLARED_SELECTOR = YES;
				GCC_WARN_UNINITIALIZED_AUTOS = YES_AGGRESSIVE;
				GCC_WARN_UNUSED_FUNCTION = YES;
				GCC_WARN_UNUSED_VARIABLE = YES;
				IPHONEOS_DEPLOYMENT_TARGET = 15.4;
				MTL_ENABLE_DEBUG_INFO = NO;
				MTL_FAST_MATH = YES;
				SDKROOT = iphoneos;
				SWIFT_COMPILATION_MODE = wholemodule;
				SWIFT_OPTIMIZATION_LEVEL = "-O";
				VALIDATE_PRODUCT = YES;
			};
			name = Release;
		};
		5C4A434028404AA80081EA90 /* Debug */ = {
			isa = XCBuildConfiguration;
			baseConfigurationReference = D9C4278CFF73DCD2FDC9D49A /* Pods-CeloTest1.debug.xcconfig */;
			buildSettings = {
				ASSETCATALOG_COMPILER_APPICON_NAME = AppIcon;
				ASSETCATALOG_COMPILER_GLOBAL_ACCENT_COLOR_NAME = AccentColor;
				CODE_SIGN_STYLE = Automatic;
				CURRENT_PROJECT_VERSION = 1;
				DEVELOPMENT_TEAM = ZGTSYD7NB6;
				GENERATE_INFOPLIST_FILE = YES;
				INFOPLIST_FILE = CeloTest1/Info.plist;
				INFOPLIST_KEY_UIApplicationSupportsIndirectInputEvents = YES;
				INFOPLIST_KEY_UILaunchStoryboardName = LaunchScreen;
				INFOPLIST_KEY_UIMainStoryboardFile = Main;
				INFOPLIST_KEY_UISupportedInterfaceOrientations_iPad = "UIInterfaceOrientationPortrait UIInterfaceOrientationPortraitUpsideDown UIInterfaceOrientationLandscapeLeft UIInterfaceOrientationLandscapeRight";
				INFOPLIST_KEY_UISupportedInterfaceOrientations_iPhone = "UIInterfaceOrientationPortrait UIInterfaceOrientationLandscapeLeft UIInterfaceOrientationLandscapeRight";
				LD_RUNPATH_SEARCH_PATHS = (
					"$(inherited)",
					"@executable_path/Frameworks",
				);
				MARKETING_VERSION = 1.0;
				PRODUCT_BUNDLE_IDENTIFIER = com.CeloTest1;
				PRODUCT_NAME = "$(TARGET_NAME)";
				SWIFT_EMIT_LOC_STRINGS = YES;
				SWIFT_VERSION = 5.0;
				TARGETED_DEVICE_FAMILY = "1,2";
			};
			name = Debug;
		};
		5C4A434128404AA80081EA90 /* Release */ = {
			isa = XCBuildConfiguration;
			baseConfigurationReference = 652A8C81596B6AEFF86AF3F6 /* Pods-CeloTest1.release.xcconfig */;
			buildSettings = {
				ASSETCATALOG_COMPILER_APPICON_NAME = AppIcon;
				ASSETCATALOG_COMPILER_GLOBAL_ACCENT_COLOR_NAME = AccentColor;
				CODE_SIGN_STYLE = Automatic;
				CURRENT_PROJECT_VERSION = 1;
				DEVELOPMENT_TEAM = ZGTSYD7NB6;
				GENERATE_INFOPLIST_FILE = YES;
				INFOPLIST_FILE = CeloTest1/Info.plist;
				INFOPLIST_KEY_UIApplicationSupportsIndirectInputEvents = YES;
				INFOPLIST_KEY_UILaunchStoryboardName = LaunchScreen;
				INFOPLIST_KEY_UIMainStoryboardFile = Main;
				INFOPLIST_KEY_UISupportedInterfaceOrientations_iPad = "UIInterfaceOrientationPortrait UIInterfaceOrientationPortraitUpsideDown UIInterfaceOrientationLandscapeLeft UIInterfaceOrientationLandscapeRight";
				INFOPLIST_KEY_UISupportedInterfaceOrientations_iPhone = "UIInterfaceOrientationPortrait UIInterfaceOrientationLandscapeLeft UIInterfaceOrientationLandscapeRight";
				LD_RUNPATH_SEARCH_PATHS = (
					"$(inherited)",
					"@executable_path/Frameworks",
				);
				MARKETING_VERSION = 1.0;
				PRODUCT_BUNDLE_IDENTIFIER = com.CeloTest1;
				PRODUCT_NAME = "$(TARGET_NAME)";
				SWIFT_EMIT_LOC_STRINGS = YES;
				SWIFT_VERSION = 5.0;
				TARGETED_DEVICE_FAMILY = "1,2";
			};
			name = Release;
		};
/* End XCBuildConfiguration section */

/* Begin XCConfigurationList section */
		5C4A432328404AA60081EA90 /* Build configuration list for PBXProject "CeloTest1" */ = {
			isa = XCConfigurationList;
			buildConfigurations = (
				5C4A433D28404AA80081EA90 /* Debug */,
				5C4A433E28404AA80081EA90 /* Release */,
			);
			defaultConfigurationIsVisible = 0;
			defaultConfigurationName = Release;
		};
		5C4A433F28404AA80081EA90 /* Build configuration list for PBXNativeTarget "CeloTest1" */ = {
			isa = XCConfigurationList;
			buildConfigurations = (
				5C4A434028404AA80081EA90 /* Debug */,
				5C4A434128404AA80081EA90 /* Release */,
			);
			defaultConfigurationIsVisible = 0;
			defaultConfigurationName = Release;
		};
/* End XCConfigurationList section */

/* Begin XCVersionGroup section */
		5C4A433428404AA70081EA90 /* CeloTest1.xcdatamodeld */ = {
			isa = XCVersionGroup;
			children = (
				5C4A433528404AA70081EA90 /* CeloTest1.xcdatamodel */,
			);
			currentVersion = 5C4A433528404AA70081EA90 /* CeloTest1.xcdatamodel */;
			path = CeloTest1.xcdatamodeld;
			sourceTree = "<group>";
			versionGroupType = wrapper.xcdatamodel;
		};
/* End XCVersionGroup section */
	};
	rootObject = 5C4A432028404AA60081EA90 /* Project object */;
}
